#MicroXplorer Configuration settings - do not modify
ADC1.Channel-0\#ChannelRegularConversion=ADC_CHANNEL_3
ADC1.IPParameters=Rank-0\#ChannelRegularConversion,Channel-0\#ChannelRegularConversion,SamplingTime-0\#ChannelRegularConversion,OffsetNumber-0\#ChannelRegularConversion,OffsetSignedSaturation-0\#ChannelRegularConversion,NbrOfConversionFlag,master,Resolution,Overrun
ADC1.NbrOfConversionFlag=1
ADC1.OffsetNumber-0\#ChannelRegularConversion=ADC_OFFSET_NONE
ADC1.OffsetSignedSaturation-0\#ChannelRegularConversion=DISABLE
ADC1.Overrun=ADC_OVR_DATA_PRESERVED
ADC1.Rank-0\#ChannelRegularConversion=1
ADC1.Resolution=ADC_RESOLUTION_12B
ADC1.SamplingTime-0\#ChannelRegularConversion=ADC_SAMPLETIME_1CYCLE_5
ADC1.master=1
ADC2.Channel-0\#ChannelRegularConversion=ADC_CHANNEL_5
ADC2.ClockPrescaler=ADC_CLOCK_ASYNC_DIV1
ADC2.IPParameters=Rank-0\#ChannelRegularConversion,ClockPrescaler,Channel-0\#ChannelRegularConversion,SamplingTime-0\#ChannelRegularConversion,OffsetNumber-0\#ChannelRegularConversion,OffsetSignedSaturation-0\#ChannelRegularConversion,NbrOfConversionFlag,Resolution
ADC2.NbrOfConversionFlag=1
ADC2.OffsetNumber-0\#ChannelRegularConversion=ADC_OFFSET_NONE
ADC2.OffsetSignedSaturation-0\#ChannelRegularConversion=DISABLE
ADC2.Rank-0\#ChannelRegularConversion=1
ADC2.Resolution=ADC_RESOLUTION_12B
ADC2.SamplingTime-0\#ChannelRegularConversion=ADC_SAMPLETIME_1CYCLE_5
ADC3.Channel-1\#ChannelRegularConversion=ADC_CHANNEL_0
ADC3.ClockPrescaler=ADC_CLOCK_ASYNC_DIV1
ADC3.IPParameters=Rank-1\#ChannelRegularConversion,Channel-1\#ChannelRegularConversion,SamplingTime-1\#ChannelRegularConversion,OffsetNumber-1\#ChannelRegularConversion,OffsetSignedSaturation-1\#ChannelRegularConversion,NbrOfConversionFlag,Resolution,ClockPrescaler
ADC3.NbrOfConversionFlag=1
ADC3.OffsetNumber-1\#ChannelRegularConversion=ADC_OFFSET_NONE
ADC3.OffsetSignedSaturation-1\#ChannelRegularConversion=DISABLE
ADC3.Rank-1\#ChannelRegularConversion=1
ADC3.Resolution=ADC_RESOLUTION_12B
ADC3.SamplingTime-1\#ChannelRegularConversion=ADC_SAMPLETIME_1CYCLE_5
CAD.formats=
CAD.pinconfig=
CAD.provider=
CORTEX_M7.CPU_DCache=Enabled
CORTEX_M7.CPU_ICache=Enabled
CORTEX_M7.Enable_S-Cortex_Memory_Protection_Unit_Region13_Settings_S=__NULL
CORTEX_M7.IPParameters=CPU_ICache,CPU_DCache,Enable_S-Cortex_Memory_Protection_Unit_Region13_Settings_S,MPU_Control
CORTEX_M7.MPU_Control=__NULL
File.Version=6
GPIO.groupedBy=Group By Peripherals
KeepUserPlacement=false
Mcu.CPN=STM32H743VIT6
Mcu.Family=STM32H7
Mcu.IP0=ADC1
Mcu.IP1=ADC2
Mcu.IP10=TIM2
Mcu.IP11=TIM3
Mcu.IP12=TIM4
Mcu.IP13=UART5
Mcu.IP2=ADC3
Mcu.IP3=CORTEX_M7
Mcu.IP4=NVIC
Mcu.IP5=RCC
Mcu.IP6=SAI1
Mcu.IP7=SAI2
Mcu.IP8=SAI3
Mcu.IP9=SYS
Mcu.IPNb=14
Mcu.Name=STM32H743VITx
Mcu.Package=LQFP100
Mcu.Pin0=PE2
Mcu.Pin1=PE3
Mcu.Pin10=PA6
Mcu.Pin11=PA7
Mcu.Pin12=PC4
Mcu.Pin13=PC5
Mcu.Pin14=PB1
Mcu.Pin15=PB12
Mcu.Pin16=PB13
Mcu.Pin17=PD9
Mcu.Pin18=PD11
Mcu.Pin19=PC6
Mcu.Pin2=PE4
Mcu.Pin20=PC7
Mcu.Pin21=PD1
Mcu.Pin22=PD7
Mcu.Pin23=PB3 (JTDO/TRACESWO)
Mcu.Pin24=PB4 (NJTRST)
Mcu.Pin25=PB5
Mcu.Pin26=PB6
Mcu.Pin27=PB7
Mcu.Pin28=PE1
Mcu.Pin29=VP_SAI1_VP_$IpInstance_SYNCHRO_EXTERNAL
Mcu.Pin3=PE5
Mcu.Pin30=VP_SYS_VS_Systick
Mcu.Pin31=VP_TIM2_VS_ClockSourceINT
Mcu.Pin32=VP_TIM3_VS_ClockSourceINT
Mcu.Pin33=VP_TIM4_VS_ClockSourceINT
Mcu.Pin4=PE6
Mcu.Pin5=PH0-OSC_IN (PH0)
Mcu.Pin6=PH1-OSC_OUT (PH1)
Mcu.Pin7=PC2_C
Mcu.Pin8=PC3_C
Mcu.Pin9=PA1
Mcu.PinsNb=34
Mcu.ThirdPartyNb=0
Mcu.UserConstants=
Mcu.UserName=STM32H743VITx
MxCube.Version=6.10.0
MxDb.Version=DB.6.0.100
NVIC.BusFault_IRQn=true\:0\:0\:false\:false\:true\:false\:false\:false
NVIC.DebugMonitor_IRQn=true\:0\:0\:false\:false\:true\:false\:false\:false
NVIC.ForceEnableDMAVector=true
NVIC.HardFault_IRQn=true\:0\:0\:false\:false\:true\:false\:false\:false
NVIC.MemoryManagement_IRQn=true\:0\:0\:false\:false\:true\:false\:false\:false
NVIC.NonMaskableInt_IRQn=true\:0\:0\:false\:false\:true\:false\:false\:false
NVIC.PendSV_IRQn=true\:0\:0\:false\:false\:true\:false\:false\:false
NVIC.PriorityGroup=NVIC_PRIORITYGROUP_4
NVIC.SAI1_IRQn=true\:1\:0\:true\:false\:true\:true\:true\:true
NVIC.SAI3_IRQn=true\:3\:0\:true\:false\:true\:true\:true\:true
NVIC.SVCall_IRQn=true\:0\:0\:false\:false\:true\:false\:false\:false
NVIC.SysTick_IRQn=true\:15\:0\:false\:false\:true\:false\:true\:false
NVIC.TIM2_IRQn=true\:4\:0\:true\:false\:true\:true\:true\:true
NVIC.UART5_IRQn=true\:5\:0\:true\:false\:true\:true\:true\:true
NVIC.UsageFault_IRQn=true\:0\:0\:false\:false\:true\:false\:false\:false
PA1.GPIOParameters=GPIO_Speed,GPIO_Label
PA1.GPIO_Label=PCB_LED
PA1.GPIO_Speed=GPIO_SPEED_FREQ_VERY_HIGH
PA1.Locked=true
PA1.Signal=GPIO_Output
PA6.Signal=ADCx_INP3
PA7.Signal=ADCx_INP7
PB1.Signal=ADCx_INP5
PB12.Mode=Asynchronous
PB12.Signal=UART5_RX
PB13.Mode=Asynchronous
PB13.Signal=UART5_TX
PB3\ (JTDO/TRACESWO).GPIOParameters=GPIO_Speed,GPIO_Label
PB3\ (JTDO/TRACESWO).GPIO_Label=LEDR1
PB3\ (JTDO/TRACESWO).GPIO_Speed=GPIO_SPEED_FREQ_MEDIUM
PB3\ (JTDO/TRACESWO).Locked=true
PB3\ (JTDO/TRACESWO).Signal=GPIO_Output
PB4\ (NJTRST).GPIOParameters=GPIO_Speed,GPIO_Label
PB4\ (NJTRST).GPIO_Label=LED_CH2
PB4\ (NJTRST).GPIO_Speed=GPIO_SPEED_FREQ_MEDIUM
PB4\ (NJTRST).Locked=true
PB4\ (NJTRST).Signal=GPIO_Output
PB5.GPIOParameters=GPIO_Speed,GPIO_Label
PB5.GPIO_Label=LED_CH1
PB5.GPIO_Speed=GPIO_SPEED_FREQ_MEDIUM
PB5.Locked=true
PB5.Signal=GPIO_Output
PB6.Locked=true
PB6.Signal=S_TIM4_CH1
PB7.Locked=true
PB7.Signal=S_TIM4_CH2
PC2_C.Mode=IN0-Single-Ended
PC2_C.Signal=ADC3_INP0
PC3_C.Mode=IN1-Single-Ended
PC3_C.Signal=ADC3_INP1
PC4.Signal=ADCx_INP4
PC5.GPIOParameters=GPIO_PuPd,GPIO_Label
PC5.GPIO_Label=BUTTON_K2
PC5.GPIO_PuPd=GPIO_PULLUP
PC5.Locked=true
PC5.Signal=GPIO_Input
PC6.Locked=true
PC6.Signal=S_TIM3_CH1
PC7.Locked=true
PC7.Signal=S_TIM3_CH2
PD1.Mode=SAI_A_SyncSlave
PD1.Signal=SAI3_SD_A
PD11.Mode=SAI_A_SyncSlave
PD11.Signal=SAI2_SD_A
PD7.GPIOParameters=GPIO_Speed,GPIO_Label
PD7.GPIO_Label=LEDR2
PD7.GPIO_Speed=GPIO_SPEED_FREQ_MEDIUM
PD7.Locked=true
PD7.Signal=GPIO_Output
PD9.Mode=SAI_B_SyncSlave
PD9.Signal=SAI3_SD_B
PE1.GPIOParameters=GPIO_Speed,GPIO_Label
PE1.GPIO_Label=VU_BACKLIGHT
PE1.GPIO_Speed=GPIO_SPEED_FREQ_MEDIUM
PE1.Locked=true
PE1.Signal=GPIO_Output
PE2.Mode=SAI_A_MasterWithClock
PE2.Signal=SAI1_MCLK_A
PE3.GPIOParameters=GPIO_PuPd,GPIO_Label
PE3.GPIO_Label=BUTTON_K1
PE3.GPIO_PuPd=GPIO_PULLUP
PE3.Locked=true
PE3.Signal=GPIO_Input
PE4.Mode=SAI_A_MasterWithClock
PE4.Signal=SAI1_FS_A
PE5.Mode=SAI_A_MasterWithClock
PE5.Signal=SAI1_SCK_A
PE6.Mode=SAI_A_MasterWithClock
PE6.Signal=SAI1_SD_A
PH0-OSC_IN\ (PH0).Mode=HSE-External-Oscillator
PH0-OSC_IN\ (PH0).Signal=RCC_OSC_IN
PH1-OSC_OUT\ (PH1).Mode=HSE-External-Oscillator
PH1-OSC_OUT\ (PH1).Signal=RCC_OSC_OUT
PinOutPanel.RotationAngle=0
ProjectManager.AskForMigrate=true
ProjectManager.BackupPrevious=false
ProjectManager.CompilerOptimize=6
ProjectManager.ComputerToolchain=false
ProjectManager.CoupleFile=true
ProjectManager.CustomerFirmwarePackage=
ProjectManager.DefaultFWLocation=true
ProjectManager.DeletePrevious=false
ProjectManager.DeviceId=STM32H743VITx
ProjectManager.FirmwarePackage=STM32Cube FW_H7 V1.11.1
ProjectManager.FreePins=false
ProjectManager.HalAssertFull=false
ProjectManager.HeapSize=0x200
ProjectManager.KeepUserCode=true
ProjectManager.LastFirmware=true
ProjectManager.LibraryCopy=1
ProjectManager.MainLocation=Src
ProjectManager.NoMain=false
ProjectManager.PreviousToolchain=
ProjectManager.ProjectBuild=false
ProjectManager.ProjectFileName=ROTARY_MIXER.ioc
ProjectManager.ProjectName=ROTARY_MIXER
ProjectManager.ProjectStructure=
ProjectManager.RegisterCallBack=
ProjectManager.StackSize=0x400
ProjectManager.TargetToolchain=MDK-ARM V5.32
ProjectManager.ToolChainLocation=
ProjectManager.UAScriptAfterPath=
ProjectManager.UAScriptBeforePath=
ProjectManager.UnderRoot=false
ProjectManager.functionlistsort=1-SystemClock_Config-RCC-false-HAL-false,2-MX_GPIO_Init-GPIO-false-HAL-true,3-MX_UART5_Init-UART5-false-HAL-true,4-MX_ADC1_Init-ADC1-false-HAL-true,5-MX_ADC2_Init-ADC2-false-HAL-true,6-MX_ADC3_Init-ADC3-false-HAL-true,7-MX_SAI1_Init-SAI1-false-HAL-true,8-MX_SAI2_Init-SAI2-false-HAL-true,9-MX_SAI3_Init-SAI3-false-HAL-true,10-MX_TIM2_Init-TIM2-false-HAL-true,11-MX_TIM3_Init-TIM3-false-HAL-true,12-MX_TIM4_Init-TIM4-false-HAL-true,0-MX_CORTEX_M7_Init-CORTEX_M7-false-HAL-true
RCC.ADCFreq_Value=60000000
RCC.AHB12Freq_Value=240000000
RCC.AHB4Freq_Value=240000000
RCC.APB1Freq_Value=120000000
RCC.APB2Freq_Value=120000000
RCC.APB3Freq_Value=120000000
RCC.APB4Freq_Value=120000000
RCC.AXIClockFreq_Value=240000000
RCC.CECFreq_Value=32000
RCC.CKPERFreq_Value=64000000
RCC.CortexFreq_Value=480000000
RCC.CpuClockFreq_Value=480000000
RCC.D1CPREFreq_Value=480000000
RCC.D1PPRE=RCC_APB3_DIV2
RCC.D2PPRE1=RCC_APB1_DIV2
RCC.D2PPRE2=RCC_APB2_DIV2
RCC.D3PPRE=RCC_APB4_DIV2
RCC.DFSDMACLkFreq_Value=147500000
RCC.DFSDMFreq_Value=120000000
RCC.DIVM1=10
RCC.DIVM2=10
RCC.DIVM3=25
RCC.DIVN1=384
RCC.DIVN2=144
RCC.DIVN3=295
RCC.DIVP1Freq_Value=480000000
RCC.DIVP2=6
RCC.DIVP2Freq_Value=60000000
RCC.DIVP3Freq_Value=147500000
RCC.DIVQ1Freq_Value=480000000
RCC.DIVQ2Freq_Value=180000000
RCC.DIVQ3Freq_Value=147500000
RCC.DIVR1Freq_Value=480000000
RCC.DIVR2Freq_Value=180000000
RCC.DIVR3Freq_Value=147500000
RCC.FDCANFreq_Value=480000000
RCC.FMCFreq_Value=240000000
RCC.FamilyName=M
RCC.HCLK3ClockFreq_Value=240000000
RCC.HCLKFreq_Value=240000000
RCC.HPRE=RCC_HCLK_DIV2
RCC.HRTIMFreq_Value=240000000
RCC.I2C123Freq_Value=120000000
RCC.I2C4Freq_Value=120000000
RCC.IPParameters=ADCFreq_Value,AHB12Freq_Value,AHB4Freq_Value,APB1Freq_Value,APB2Freq_Value,APB3Freq_Value,APB4Freq_Value,AXIClockFreq_Value,CECFreq_Value,CKPERFreq_Value,CortexFreq_Value,CpuClockFreq_Value,D1CPREFreq_Value,D1PPRE,D2PPRE1,D2PPRE2,D3PPRE,DFSDMACLkFreq_Value,DFSDMFreq_Value,DIVM1,DIVM2,DIVM3,DIVN1,DIVN2,DIVN3,DIVP1Freq_Value,DIVP2,DIVP2Freq_Value,DIVP3Freq_Value,DIVQ1Freq_Value,DIVQ2Freq_Value,DIVQ3Freq_Value,DIVR1Freq_Value,DIVR2Freq_Value,DIVR3Freq_Value,FDCANFreq_Value,FMCFreq_Value,FamilyName,HCLK3ClockFreq_Value,HCLKFreq_Value,HPRE,HRTIMFreq_Value,I2C123Freq_Value,I2C4Freq_Value,LPTIM1Freq_Value,LPTIM2Freq_Value,LPTIM345Freq_Value,LPUART1Freq_Value,LTDCFreq_Value,MCO1PinFreq_Value,MCO2PinFreq_Value,PLL2FRACN,PLL3FRACN,PLLFRACN,PLLSourceVirtual,QSPIFreq_Value,RNGFreq_Value,RTCFreq_Value,SAI1CLockSelection,SAI1Freq_Value,SAI23CLockSelection,SAI23Freq_Value,SAI4AFreq_Value,SAI4BFreq_Value,SDMMCFreq_Value,SPDIFRXFreq_Value,SPI123Freq_Value,SPI45Freq_Value,SPI6Freq_Value,SWPMI1Freq_Value,SYSCLKFreq_VALUE,SYSCLKSource,Tim1OutputFreq_Value,Tim2Mul,Tim2OutputFreq_Value,TraceFreq_Value,USART16Freq_Value,USART234578Freq_Value,USBFreq_Value,VCO1OutputFreq_Value,VCO2OutputFreq_Value,VCO3OutputFreq_Value,VCOInput1Freq_Value,VCOInput2Freq_Value,VCOInput3Freq_Value
RCC.LPTIM1Freq_Value=120000000
RCC.LPTIM2Freq_Value=120000000
RCC.LPTIM345Freq_Value=120000000
RCC.LPUART1Freq_Value=120000000
RCC.LTDCFreq_Value=147500000
RCC.LockedElements=D1CPREOutput
RCC.MCO1PinFreq_Value=64000000
RCC.MCO2PinFreq_Value=480000000
RCC.PLL2FRACN=0
RCC.PLL3FRACN=0
RCC.PLLFRACN=0
RCC.PLLSourceVirtual=RCC_PLLSOURCE_HSE
RCC.QSPIFreq_Value=240000000
RCC.RNGFreq_Value=48000000
RCC.RTCFreq_Value=32000
RCC.SAI1CLockSelection=RCC_SAI1CLKSOURCE_PLL3
RCC.SAI1Freq_Value=147500000
RCC.SAI23CLockSelection=RCC_SAI23CLKSOURCE_PLL3
RCC.SAI23Freq_Value=147500000
RCC.SAI4AFreq_Value=480000000
RCC.SAI4BFreq_Value=480000000
RCC.SDMMCFreq_Value=480000000
RCC.SPDIFRXFreq_Value=480000000
RCC.SPI123Freq_Value=480000000
RCC.SPI45Freq_Value=120000000
RCC.SPI6Freq_Value=120000000
RCC.SWPMI1Freq_Value=120000000
RCC.SYSCLKFreq_VALUE=480000000
RCC.SYSCLKSource=RCC_SYSCLKSOURCE_PLLCLK
RCC.Tim1OutputFreq_Value=240000000
RCC.Tim2Mul=2
RCC.Tim2OutputFreq_Value=240000000
RCC.TraceFreq_Value=64000000
RCC.USART16Freq_Value=120000000
RCC.USART234578Freq_Value=120000000
RCC.USBFreq_Value=480000000
RCC.VCO1OutputFreq_Value=960000000
RCC.VCO2OutputFreq_Value=360000000
RCC.VCO3OutputFreq_Value=295000000
RCC.VCOInput1Freq_Value=2500000
RCC.VCOInput2Freq_Value=2500000
RCC.VCOInput3Freq_Value=1000000
SAI1.ActiveFrameLength-SAI_A_MasterWithClock=32
SAI1.AudioFrequency-SAI_A_MasterWithClock=SAI_AUDIO_FREQUENCY_48K
SAI1.ClockStrobing-SAI_A_MasterWithClock=SAI_CLOCKSTROBING_RISINGEDGE
SAI1.DataSize-SAI_A_MasterWithClock=SAI_DATASIZE_16
SAI1.ErrorAudioFreq-SAI_A_MasterWithClock=0.02 %
SAI1.FSDefinition-SAI_A_MasterWithClock=SAI_FS_STARTFRAME
SAI1.FrameLength-SAI_A_MasterWithClock=64
SAI1.IPParameters=Instance-SAI_A_MasterWithClock,VirtualMode-SAI_A_MasterWithClock,MClockEnable,RealAudioFreq-SAI_A_MasterWithClock,ErrorAudioFreq-SAI_A_MasterWithClock,FrameLength-SAI_A_MasterWithClock,DataSize-SAI_A_MasterWithClock,ActiveFrameLength-SAI_A_MasterWithClock,FSDefinition-SAI_A_MasterWithClock,SlotNumber-SAI_A_MasterWithClock,AudioFrequency-SAI_A_MasterWithClock,ClockStrobing-SAI_A_MasterWithClock,OutputDrive-SAI_A_MasterWithClock,SynchroExt,VirtualSlotActive-SAI_A_MasterWithClock,VirtualSlotActive0-SAI_A_MasterWithClock,SlotActive-SAI_A_MasterWithClock,VirtualSlotActive1-SAI_A_MasterWithClock
SAI1.Instance-SAI_A_MasterWithClock=SAI$Index_Block_A
SAI1.MClockEnable=SAI_MASTERCLOCK_ENABLE
SAI1.OutputDrive-SAI_A_MasterWithClock=SAI_OUTPUTDRIVE_ENABLE
SAI1.RealAudioFreq-SAI_A_MasterWithClock=48.014 KHz
SAI1.SlotActive-SAI_A_MasterWithClock=0x00000003
SAI1.SlotNumber-SAI_A_MasterWithClock=2
SAI1.SynchroExt=SAI_SYNCEXT_OUTBLOCKA_ENABLE
SAI1.VirtualMode-SAI_A_MasterWithClock=VM_MASTER
SAI1.VirtualSlotActive-SAI_A_MasterWithClock=SAI_SLOT_USERSETTING
SAI1.VirtualSlotActive0-SAI_A_MasterWithClock=true
SAI1.VirtualSlotActive1-SAI_A_MasterWithClock=true
SAI2.ClockStrobing-SAI_A_SyncSlave=SAI_CLOCKSTROBING_RISINGEDGE
SAI2.DataSize-SAI_A_SyncSlave=SAI_DATASIZE_16
SAI2.FrameLength-SAI_A_SyncSlave=32
SAI2.IPParameters=Instance-SAI_A_SyncSlave,VirtualMode-SAI_A_SyncSlave,FrameLength-SAI_A_SyncSlave,DataSize-SAI_A_SyncSlave,SlotNumber-SAI_A_SyncSlave,VirtualSlotActive-SAI_A_SyncSlave,VirtualSlotActive0-SAI_A_SyncSlave,SlotActive-SAI_A_SyncSlave,VirtualSlotActive1-SAI_A_SyncSlave,ClockStrobing-SAI_A_SyncSlave,OutputDrive-SAI_A_SyncSlave
SAI2.Instance-SAI_A_SyncSlave=SAI$Index_Block_A
SAI2.OutputDrive-SAI_A_SyncSlave=SAI_OUTPUTDRIVE_ENABLE
SAI2.SlotActive-SAI_A_SyncSlave=0x00000003
SAI2.SlotNumber-SAI_A_SyncSlave=2
SAI2.VirtualMode-SAI_A_SyncSlave=VM_SLAVE
SAI2.VirtualSlotActive-SAI_A_SyncSlave=SAI_SLOT_USERSETTING
SAI2.VirtualSlotActive0-SAI_A_SyncSlave=true
SAI2.VirtualSlotActive1-SAI_A_SyncSlave=true
SAI3.ActiveFrameLength-SAI_A_SyncSlave=32
SAI3.ActiveFrameLength-SAI_B_SyncSlave=32
SAI3.ClockStrobing-SAI_A_SyncSlave=SAI_CLOCKSTROBING_RISINGEDGE
SAI3.ClockStrobing-SAI_B_SyncSlave=SAI_CLOCKSTROBING_RISINGEDGE
SAI3.DataSize-SAI_A_SyncSlave=SAI_DATASIZE_16
SAI3.DataSize-SAI_B_SyncSlave=SAI_DATASIZE_16
SAI3.FrameLength-SAI_A_SyncSlave=64
SAI3.FrameLength-SAI_B_SyncSlave=64
SAI3.IPParameters=Instance-SAI_A_SyncSlave,VirtualMode-SAI_A_SyncSlave,Instance-SAI_B_SyncSlave,VirtualMode-SAI_B_SyncSlave,Synchro_A,FrameLength-SAI_A_SyncSlave,FrameLength-SAI_B_SyncSlave,DataSize-SAI_A_SyncSlave,ActiveFrameLength-SAI_A_SyncSlave,ActiveFrameLength-SAI_B_SyncSlave,SlotNumber-SAI_A_SyncSlave,VirtualSlotActive-SAI_A_SyncSlave,VirtualSlotActive0-SAI_A_SyncSlave,SlotActive-SAI_A_SyncSlave,VirtualSlotActive1-SAI_A_SyncSlave,ClockStrobing-SAI_A_SyncSlave,OutputDrive-SAI_A_SyncSlave,DataSize-SAI_B_SyncSlave,SlotNumber-SAI_B_SyncSlave,VirtualSlotActive-SAI_B_SyncSlave,VirtualSlotActive0-SAI_B_SyncSlave,SlotActive-SAI_B_SyncSlave,VirtualSlotActive1-SAI_B_SyncSlave,ClockStrobing-SAI_B_SyncSlave,OutputDrive-SAI_B_SyncSlave
SAI3.Instance-SAI_A_SyncSlave=SAI$Index_Block_A
SAI3.Instance-SAI_B_SyncSlave=SAI$Index_Block_B
SAI3.OutputDrive-SAI_A_SyncSlave=SAI_OUTPUTDRIVE_ENABLE
SAI3.OutputDrive-SAI_B_SyncSlave=SAI_OUTPUTDRIVE_ENABLE
SAI3.SlotActive-SAI_A_SyncSlave=0x00000003
SAI3.SlotActive-SAI_B_SyncSlave=0x00000003
SAI3.SlotNumber-SAI_A_SyncSlave=2
SAI3.SlotNumber-SAI_B_SyncSlave=2
SAI3.Synchro_A=SAI_SYNCHRONOUS_EXT_SAI1
SAI3.VirtualMode-SAI_A_SyncSlave=VM_SLAVE
SAI3.VirtualMode-SAI_B_SyncSlave=VM_SLAVE
SAI3.VirtualSlotActive-SAI_A_SyncSlave=SAI_SLOT_USERSETTING
SAI3.VirtualSlotActive-SAI_B_SyncSlave=SAI_SLOT_USERSETTING
SAI3.VirtualSlotActive0-SAI_A_SyncSlave=true
SAI3.VirtualSlotActive0-SAI_B_SyncSlave=true
SAI3.VirtualSlotActive1-SAI_A_SyncSlave=true
SAI3.VirtualSlotActive1-SAI_B_SyncSlave=true
SH.ADCx_INP3.0=ADC1_INP3,IN3-Single-Ended
SH.ADCx_INP3.ConfNb=1
SH.ADCx_INP4.0=ADC1_INP4,IN4-Single-Ended
SH.ADCx_INP4.ConfNb=1
SH.ADCx_INP5.0=ADC2_INP5,IN5-Single-Ended
SH.ADCx_INP5.ConfNb=1
SH.ADCx_INP7.0=ADC2_INP7,IN7-Single-Ended
SH.ADCx_INP7.ConfNb=1
SH.S_TIM3_CH1.0=TIM3_CH1,PWM Generation1 CH1
SH.S_TIM3_CH1.ConfNb=1
SH.S_TIM3_CH2.0=TIM3_CH2,PWM Generation2 CH2
SH.S_TIM3_CH2.ConfNb=1
SH.S_TIM4_CH1.0=TIM4_CH1,PWM Generation1 CH1
SH.S_TIM4_CH1.ConfNb=1
SH.S_TIM4_CH2.0=TIM4_CH2,PWM Generation2 CH2
SH.S_TIM4_CH2.ConfNb=1
TIM2.ClockDivision=TIM_CLOCKDIVISION_DIV2
TIM2.IPParameters=Prescaler,Period,ClockDivision
TIM2.Period=415
TIM2.Prescaler=239
TIM3.Channel-PWM\ Generation1\ CH1=TIM_CHANNEL_1
TIM3.Channel-PWM\ Generation2\ CH2=TIM_CHANNEL_2
TIM3.ClockDivision=TIM_CLOCKDIVISION_DIV4
TIM3.IPParameters=Channel-PWM Generation1 CH1,Channel-PWM Generation2 CH2,Prescaler,Period,ClockDivision,Pulse-PWM Generation1 CH1,Pulse-PWM Generation2 CH2
TIM3.Period=299
TIM3.Prescaler=479
TIM3.Pulse-PWM\ Generation1\ CH1=0
TIM3.Pulse-PWM\ Generation2\ CH2=0
TIM4.Channel-PWM\ Generation1\ CH1=TIM_CHANNEL_1
TIM4.Channel-PWM\ Generation2\ CH2=TIM_CHANNEL_2
TIM4.ClockDivision=TIM_CLOCKDIVISION_DIV4
TIM4.IPParameters=Channel-PWM Generation1 CH1,Channel-PWM Generation2 CH2,ClockDivision,Prescaler,Period,Pulse-PWM Generation1 CH1,Pulse-PWM Generation2 CH2
TIM4.Period=9999
TIM4.Prescaler=47999
TIM4.Pulse-PWM\ Generation1\ CH1=5000
TIM4.Pulse-PWM\ Generation2\ CH2=5000
VP_SAI1_VP_$IpInstance_SYNCHRO_EXTERNAL.Mode=SynchroExternal
VP_SAI1_VP_$IpInstance_SYNCHRO_EXTERNAL.Signal=SAI1_VP_$IpInstance_SYNCHRO_EXTERNAL
VP_SYS_VS_Systick.Mode=SysTick
VP_SYS_VS_Systick.Signal=SYS_VS_Systick
VP_TIM2_VS_ClockSourceINT.Mode=Internal
VP_TIM2_VS_ClockSourceINT.Signal=TIM2_VS_ClockSourceINT
VP_TIM3_VS_ClockSourceINT.Mode=Internal
VP_TIM3_VS_ClockSourceINT.Signal=TIM3_VS_ClockSourceINT
VP_TIM4_VS_ClockSourceINT.Mode=Internal
VP_TIM4_VS_ClockSourceINT.Signal=TIM4_VS_ClockSourceINT
board=custom
